
Microsoft Visual Studio Solution File, Format Version 12.00
# Visual Studio Version 17
VisualStudioVersion = 17.5.002.0
MinimumVisualStudioVersion = 10.0.40219.1
Project("{9A19103F-16F7-4668-BE54-9A1E7A4F7556}") = "api", "api\api.csproj", "{F5CE602A-0B72-47F2-8CB0-F716A6036220}"
EndProject
Global
	GlobalSection(SolutionConfigurationPlatforms) = preSolution
		Debug|Any CPU = Debug|Any CPU
		Release|Any CPU = Release|Any CPU
	EndGlobalSection
	GlobalSection(ProjectConfigurationPlatforms) = postSolution
		{F5CE602A-0B72-47F2-8CB0-F716A6036220}.Debug|Any CPU.ActiveCfg = Debug|Any CPU
		{F5CE602A-0B72-47F2-8CB0-F716A6036220}.Debug|Any CPU.Build.0 = Debug|Any CPU
		{F5CE602A-0B72-47F2-8CB0-F716A6036220}.Release|Any CPU.ActiveCfg = Release|Any CPU
		{F5CE602A-0B72-47F2-8CB0-F716A6036220}.Release|Any CPU.Build.0 = Release|Any CPU
	EndGlobalSection
	GlobalSection(SolutionProperties) = preSolution
		HideSolutionNode = FALSE
	EndGlobalSection
	GlobalSection(ExtensibilityGlobals) = postSolution
		SolutionGuid = {0931CEE2-1C2A-4203-B7CA-2FB420728A55}
	EndGlobalSection
EndGlobal
